
Microsoft Visual Studio Solution File, Format Version 12.00
# Visual Studio Version 17
VisualStudioVersion = 17.0.32014.148
MinimumVisualStudioVersion = 10.0.40219.1
Project("{E24C65DC-7377-472B-9ABA-BC803B73C61A}") = "WebSite1(1)", ".", "{86BDF951-6CAE-42BE-A1E9-99CA2E686707}"
	ProjectSection(WebsiteProperties) = preProject
		TargetFrameworkMoniker = ".NETFramework,Version%3Dv4.7.2"
		Debug.AspNetCompiler.VirtualPath = "/localhost_59332"
		Debug.AspNetCompiler.PhysicalPath = "..\WebSite1\"
		Debug.AspNetCompiler.TargetPath = "PrecompiledWeb\localhost_59332\"
		Debug.AspNetCompiler.Updateable = "true"
		Debug.AspNetCompiler.ForceOverwrite = "true"
		Debug.AspNetCompiler.FixedNames = "false"
		Debug.AspNetCompiler.Debug = "True"
		Release.AspNetCompiler.VirtualPath = "/localhost_59332"
		Release.AspNetCompiler.PhysicalPath = "..\WebSite1\"
		Release.AspNetCompiler.TargetPath = "PrecompiledWeb\localhost_59332\"
		Release.AspNetCompiler.Updateable = "true"
		Release.AspNetCompiler.ForceOverwrite = "true"
		Release.AspNetCompiler.FixedNames = "false"
		Release.AspNetCompiler.Debug = "False"
		VWDPort = "59332"
		SlnRelativePath = "..\WebSite1\"
		DefaultWebSiteLanguage = "Visual C#"
	EndProjectSection
EndProject
Global
	GlobalSection(SolutionConfigurationPlatforms) = preSolution
		Debug|Any CPU = Debug|Any CPU
	EndGlobalSection
	GlobalSection(ProjectConfigurationPlatforms) = postSolution
		{86BDF951-6CAE-42BE-A1E9-99CA2E686707}.Debug|Any CPU.ActiveCfg = Debug|Any CPU
		{86BDF951-6CAE-42BE-A1E9-99CA2E686707}.Debug|Any CPU.Build.0 = Debug|Any CPU
	EndGlobalSection
	GlobalSection(SolutionProperties) = preSolution
		HideSolutionNode = FALSE
	EndGlobalSection
	GlobalSection(ExtensibilityGlobals) = postSolution
		SolutionGuid = {A0AEFED6-BA41-45F4-BA42-662476DA2865}
	EndGlobalSection
EndGlobal
